// !$*UTF8*$!
{
	archiveVersion = 1;
	classes = {
	};
	objectVersion = 46;
	objects = {

/* Begin PBXBuildFile section */
		AD1A82D317C3383F00CB9BC4 /* UIKit.framework in Frameworks */ = {isa = PBXBuildFile; fileRef = AD1A82D217C3383F00CB9BC4 /* UIKit.framework */; };
		AD1A82D517C3383F00CB9BC4 /* Foundation.framework in Frameworks */ = {isa = PBXBuildFile; fileRef = AD1A82D417C3383F00CB9BC4 /* Foundation.framework */; };
		AD1A82D717C3383F00CB9BC4 /* CoreGraphics.framework in Frameworks */ = {isa = PBXBuildFile; fileRef = AD1A82D617C3383F00CB9BC4 /* CoreGraphics.framework */; };
		AD1A82DD17C3383F00CB9BC4 /* InfoPlist.strings in Resources */ = {isa = PBXBuildFile; fileRef = AD1A82DB17C3383F00CB9BC4 /* InfoPlist.strings */; };
		AD1A82DF17C3383F00CB9BC4 /* main.m in Sources */ = {isa = PBXBuildFile; fileRef = AD1A82DE17C3383F00CB9BC4 /* main.m */; };
		AD1A82E317C3383F00CB9BC4 /* AppDelegate.m in Sources */ = {isa = PBXBuildFile; fileRef = AD1A82E217C3383F00CB9BC4 /* AppDelegate.m */; };
		AD1A82E517C3383F00CB9BC4 /* Default.png in Resources */ = {isa = PBXBuildFile; fileRef = AD1A82E417C3383F00CB9BC4 /* Default.png */; };
		AD1A82E717C3383F00CB9BC4 /* Default@2x.png in Resources */ = {isa = PBXBuildFile; fileRef = AD1A82E617C3383F00CB9BC4 /* Default@2x.png */; };
		AD1A82E917C3383F00CB9BC4 /* Default-568h@2x.png in Resources */ = {isa = PBXBuildFile; fileRef = AD1A82E817C3383F00CB9BC4 /* Default-568h@2x.png */; };
		AD1A82EC17C3383F00CB9BC4 /* ViewController.m in Sources */ = {isa = PBXBuildFile; fileRef = AD1A82EB17C3383F00CB9BC4 /* ViewController.m */; };
		AD1A82EF17C3383F00CB9BC4 /* ViewController.xib in Resources */ = {isa = PBXBuildFile; fileRef = AD1A82ED17C3383F00CB9BC4 /* ViewController.xib */; };
		AD1A82F717C3394600CB9BC4 /* XSNavigationBarImageItem.m in Sources */ = {isa = PBXBuildFile; fileRef = AD1A82F617C3394600CB9BC4 /* XSNavigationBarImageItem.m */; };
		AD1A82F917C33D6E00CB9BC4 /* icon_setting.png in Resources */ = {isa = PBXBuildFile; fileRef = AD1A82F817C33D6E00CB9BC4 /* icon_setting.png */; };
		AD1A82FB17C342A500CB9BC4 /* icon_event.png in Resources */ = {isa = PBXBuildFile; fileRef = AD1A82FA17C342A500CB9BC4 /* icon_event.png */; };
/* End PBXBuildFile section */

/* Begin PBXFileReference section */
		AD1A82CF17C3383F00CB9BC4 /* XSNavigationBarImageItemDemo.app */ = {isa = PBXFileReference; explicitFileType = wrapper.application; includeInIndex = 0; path = XSNavigationBarImageItemDemo.app; sourceTree = BUILT_PRODUCTS_DIR; };
		AD1A82D217C3383F00CB9BC4 /* UIKit.framework */ = {isa = PBXFileReference; lastKnownFileType = wrapper.framework; name = UIKit.framework; path = System/Library/Frameworks/UIKit.framework; sourceTree = SDKROOT; };
		AD1A82D417C3383F00CB9BC4 /* Foundation.framework */ = {isa = PBXFileReference; lastKnownFileType = wrapper.framework; name = Foundation.framework; path = System/Library/Frameworks/Foundation.framework; sourceTree = SDKROOT; };
		AD1A82D617C3383F00CB9BC4 /* CoreGraphics.framework */ = {isa = PBXFileReference; lastKnownFileType = wrapper.framework; name = CoreGraphics.framework; path = System/Library/Frameworks/CoreGraphics.framework; sourceTree = SDKROOT; };
		AD1A82DA17C3383F00CB9BC4 /* XSNavigationBarImageItemDemo-Info.plist */ = {isa = PBXFileReference; lastKnownFileType = text.plist.xml; path = "XSNavigationBarImageItemDemo-Info.plist"; sourceTree = "<group>"; };
		AD1A82DC17C3383F00CB9BC4 /* en */ = {isa = PBXFileReference; lastKnownFileType = text.plist.strings; name = en; path = en.lproj/InfoPlist.strings; sourceTree = "<group>"; };
		AD1A82DE17C3383F00CB9BC4 /* main.m */ = {isa = PBXFileReference; lastKnownFileType = sourcecode.c.objc; path = main.m; sourceTree = "<group>"; };
		AD1A82E017C3383F00CB9BC4 /* XSNavigationBarImageItemDemo-Prefix.pch */ = {isa = PBXFileReference; lastKnownFileType = sourcecode.c.h; path = "XSNavigationBarImageItemDemo-Prefix.pch"; sourceTree = "<group>"; };
		AD1A82E117C3383F00CB9BC4 /* AppDelegate.h */ = {isa = PBXFileReference; lastKnownFileType = sourcecode.c.h; path = AppDelegate.h; sourceTree = "<group>"; };
		AD1A82E217C3383F00CB9BC4 /* AppDelegate.m */ = {isa = PBXFileReference; lastKnownFileType = sourcecode.c.objc; path = AppDelegate.m; sourceTree = "<group>"; };
		AD1A82E417C3383F00CB9BC4 /* Default.png */ = {isa = PBXFileReference; lastKnownFileType = image.png; path = Default.png; sourceTree = "<group>"; };
		AD1A82E617C3383F00CB9BC4 /* Default@2x.png */ = {isa = PBXFileReference; lastKnownFileType = image.png; path = "Default@2x.png"; sourceTree = "<group>"; };
		AD1A82E817C3383F00CB9BC4 /* Default-568h@2x.png */ = {isa = PBXFileReference; lastKnownFileType = image.png; path = "Default-568h@2x.png"; sourceTree = "<group>"; };
		AD1A82EA17C3383F00CB9BC4 /* ViewController.h */ = {isa = PBXFileReference; lastKnownFileType = sourcecode.c.h; path = ViewController.h; sourceTree = "<group>"; };
		AD1A82EB17C3383F00CB9BC4 /* ViewController.m */ = {isa = PBXFileReference; lastKnownFileType = sourcecode.c.objc; path = ViewController.m; sourceTree = "<group>"; };
		AD1A82EE17C3383F00CB9BC4 /* en */ = {isa = PBXFileReference; lastKnownFileType = file.xib; name = en; path = en.lproj/ViewController.xib; sourceTree = "<group>"; };
		AD1A82F517C3394600CB9BC4 /* XSNavigationBarImageItem.h */ = {isa = PBXFileReference; fileEncoding = 4; lastKnownFileType = sourcecode.c.h; path = XSNavigationBarImageItem.h; sourceTree = "<group>"; };
		AD1A82F617C3394600CB9BC4 /* XSNavigationBarImageItem.m */ = {isa = PBXFileReference; fileEncoding = 4; lastKnownFileType = sourcecode.c.objc; path = XSNavigationBarImageItem.m; sourceTree = "<group>"; };
		AD1A82F817C33D6E00CB9BC4 /* icon_setting.png */ = {isa = PBXFileReference; lastKnownFileType = image.png; name = icon_setting.png; path = XSNavigationBarImageItemDemo/icon_setting.png; sourceTree = "<group>"; };
		AD1A82FA17C342A500CB9BC4 /* icon_event.png */ = {isa = PBXFileReference; lastKnownFileType = image.png; path = icon_event.png; sourceTree = "<group>"; };
/* End PBXFileReference section */

/* Begin PBXFrameworksBuildPhase section */
		AD1A82CC17C3383F00CB9BC4 /* Frameworks */ = {
			isa = PBXFrameworksBuildPhase;
			buildActionMask = 2147483647;
			files = (
				AD1A82D317C3383F00CB9BC4 /* UIKit.framework in Frameworks */,
				AD1A82D517C3383F00CB9BC4 /* Foundation.framework in Frameworks */,
				AD1A82D717C3383F00CB9BC4 /* CoreGraphics.framework in Frameworks */,
			);
			runOnlyForDeploymentPostprocessing = 0;
		};
/* End PBXFrameworksBuildPhase section */

/* Begin PBXGroup section */
		AD1A82C617C3383F00CB9BC4 = {
			isa = PBXGroup;
			children = (
				AD1A82F817C33D6E00CB9BC4 /* icon_setting.png */,
				AD1A82FA17C342A500CB9BC4 /* icon_event.png */,
				AD1A82D817C3383F00CB9BC4 /* XSNavigationBarImageItemDemo */,
				AD1A82D117C3383F00CB9BC4 /* Frameworks */,
				AD1A82D017C3383F00CB9BC4 /* Products */,
			);
			sourceTree = "<group>";
		};
		AD1A82D017C3383F00CB9BC4 /* Products */ = {
			isa = PBXGroup;
			children = (
				AD1A82CF17C3383F00CB9BC4 /* XSNavigationBarImageItemDemo.app */,
			);
			name = Products;
			sourceTree = "<group>";
		};
		AD1A82D117C3383F00CB9BC4 /* Frameworks */ = {
			isa = PBXGroup;
			children = (
				AD1A82D217C3383F00CB9BC4 /* UIKit.framework */,
				AD1A82D417C3383F00CB9BC4 /* Foundation.framework */,
				AD1A82D617C3383F00CB9BC4 /* CoreGraphics.framework */,
			);
			name = Frameworks;
			sourceTree = "<group>";
		};
		AD1A82D817C3383F00CB9BC4 /* XSNavigationBarImageItemDemo */ = {
			isa = PBXGroup;
			children = (
				AD1A82E117C3383F00CB9BC4 /* AppDelegate.h */,
				AD1A82E217C3383F00CB9BC4 /* AppDelegate.m */,
				AD1A82EA17C3383F00CB9BC4 /* ViewController.h */,
				AD1A82EB17C3383F00CB9BC4 /* ViewController.m */,
				AD1A82ED17C3383F00CB9BC4 /* ViewController.xib */,
				AD1A82D917C3383F00CB9BC4 /* Supporting Files */,
				AD1A82F517C3394600CB9BC4 /* XSNavigationBarImageItem.h */,
				AD1A82F617C3394600CB9BC4 /* XSNavigationBarImageItem.m */,
			);
			path = XSNavigationBarImageItemDemo;
			sourceTree = "<group>";
		};
		AD1A82D917C3383F00CB9BC4 /* Supporting Files */ = {
			isa = PBXGroup;
			children = (
				AD1A82DA17C3383F00CB9BC4 /* XSNavigationBarImageItemDemo-Info.plist */,
				AD1A82DB17C3383F00CB9BC4 /* InfoPlist.strings */,
				AD1A82DE17C3383F00CB9BC4 /* main.m */,
				AD1A82E017C3383F00CB9BC4 /* XSNavigationBarImageItemDemo-Prefix.pch */,
				AD1A82E417C3383F00CB9BC4 /* Default.png */,
				AD1A82E617C3383F00CB9BC4 /* Default@2x.png */,
				AD1A82E817C3383F00CB9BC4 /* Default-568h@2x.png */,
			);
			name = "Supporting Files";
			sourceTree = "<group>";
		};
/* End PBXGroup section */

/* Begin PBXNativeTarget section */
		AD1A82CE17C3383F00CB9BC4 /* XSNavigationBarImageItemDemo */ = {
			isa = PBXNativeTarget;
			buildConfigurationList = AD1A82F217C3383F00CB9BC4 /* Build configuration list for PBXNativeTarget "XSNavigationBarImageItemDemo" */;
			buildPhases = (
				AD1A82CB17C3383F00CB9BC4 /* Sources */,
				AD1A82CC17C3383F00CB9BC4 /* Frameworks */,
				AD1A82CD17C3383F00CB9BC4 /* Resources */,
			);
			buildRules = (
			);
			dependencies = (
			);
			name = XSNavigationBarImageItemDemo;
			productName = XSNavigationBarImageItemDemo;
			productReference = AD1A82CF17C3383F00CB9BC4 /* XSNavigationBarImageItemDemo.app */;
			productType = "com.apple.product-type.application";
		};
/* End PBXNativeTarget section */

/* Begin PBXProject section */
		AD1A82C717C3383F00CB9BC4 /* Project object */ = {
			isa = PBXProject;
			attributes = {
				LastUpgradeCheck = 0460;
				ORGANIZATIONNAME = XingSo;
			};
			buildConfigurationList = AD1A82CA17C3383F00CB9BC4 /* Build configuration list for PBXProject "XSNavigationBarImageItemDemo" */;
			compatibilityVersion = "Xcode 3.2";
			developmentRegion = English;
			hasScannedForEncodings = 0;
			knownRegions = (
				en,
			);
			mainGroup = AD1A82C617C3383F00CB9BC4;
			productRefGroup = AD1A82D017C3383F00CB9BC4 /* Products */;
			projectDirPath = "";
			projectRoot = "";
			targets = (
				AD1A82CE17C3383F00CB9BC4 /* XSNavigationBarImageItemDemo */,
			);
		};
/* End PBXProject section */

/* Begin PBXResourcesBuildPhase section */
		AD1A82CD17C3383F00CB9BC4 /* Resources */ = {
			isa = PBXResourcesBuildPhase;
			buildActionMask = 2147483647;
			files = (
				AD1A82DD17C3383F00CB9BC4 /* InfoPlist.strings in Resources */,
				AD1A82E517C3383F00CB9BC4 /* Default.png in Resources */,
				AD1A82E717C3383F00CB9BC4 /* Default@2x.png in Resources */,
				AD1A82E917C3383F00CB9BC4 /* Default-568h@2x.png in Resources */,
				AD1A82EF17C3383F00CB9BC4 /* ViewController.xib in Resources */,
				AD1A82F917C33D6E00CB9BC4 /* icon_setting.png in Resources */,
				AD1A82FB17C342A500CB9BC4 /* icon_event.png in Resources */,
			);
			runOnlyForDeploymentPostprocessing = 0;
		};
/* End PBXResourcesBuildPhase section */

/* Begin PBXSourcesBuildPhase section */
		AD1A82CB17C3383F00CB9BC4 /* Sources */ = {
			isa = PBXSourcesBuildPhase;
			buildActionMask = 2147483647;
			files = (
				AD1A82DF17C3383F00CB9BC4 /* main.m in Sources */,
				AD1A82E317C3383F00CB9BC4 /* AppDelegate.m in Sources */,
				AD1A82EC17C3383F00CB9BC4 /* ViewController.m in Sources */,
				AD1A82F717C3394600CB9BC4 /* XSNavigationBarImageItem.m in Sources */,
			);
			runOnlyForDeploymentPostprocessing = 0;
		};
/* End PBXSourcesBuildPhase section */

/* Begin PBXVariantGroup section */
		AD1A82DB17C3383F00CB9BC4 /* InfoPlist.strings */ = {
			isa = PBXVariantGroup;
			children = (
				AD1A82DC17C3383F00CB9BC4 /* en */,
			);
			name = InfoPlist.strings;
			sourceTree = "<group>";
		};
		AD1A82ED17C3383F00CB9BC4 /* ViewController.xib */ = {
			isa = PBXVariantGroup;
			children = (
				AD1A82EE17C3383F00CB9BC4 /* en */,
			);
			name = ViewController.xib;
			sourceTree = "<group>";
		};
/* End PBXVariantGroup section */

/* Begin XCBuildConfiguration section */
		AD1A82F017C3383F00CB9BC4 /* Debug */ = {
			isa = XCBuildConfiguration;
			buildSettings = {
				ALWAYS_SEARCH_USER_PATHS = NO;
				CLANG_CXX_LANGUAGE_STANDARD = "gnu++0x";
				CLANG_CXX_LIBRARY = "libc++";
				CLANG_ENABLE_OBJC_ARC = YES;
				CLANG_WARN_CONSTANT_CONVERSION = YES;
				CLANG_WARN_EMPTY_BODY = YES;
				CLANG_WARN_ENUM_CONVERSION = YES;
				CLANG_WARN_INT_CONVERSION = YES;
				CLANG_WARN__DUPLICATE_METHOD_MATCH = YES;
				"CODE_SIGN_IDENTITY[sdk=iphoneos*]" = "iPhone Developer";
				COPY_PHASE_STRIP = NO;
				GCC_C_LANGUAGE_STANDARD = gnu99;
				GCC_DYNAMIC_NO_PIC = NO;
				GCC_OPTIMIZATION_LEVEL = 0;
				GCC_PREPROCESSOR_DEFINITIONS = (
					"DEBUG=1",
					"$(inherited)",
				);
				GCC_SYMBOLS_PRIVATE_EXTERN = NO;
				GCC_WARN_ABOUT_RETURN_TYPE = YES;
				GCC_WARN_UNINITIALIZED_AUTOS = YES;
				GCC_WARN_UNUSED_VARIABLE = YES;
				IPHONEOS_DEPLOYMENT_TARGET = 6.1;
				ONLY_ACTIVE_ARCH = YES;
				SDKROOT = iphoneos;
			};
			name = Debug;
		};
		AD1A82F117C3383F00CB9BC4 /* Release */ = {
			isa = XCBuildConfiguration;
			buildSettings = {
				ALWAYS_SEARCH_USER_PATHS = NO;
				CLANG_CXX_LANGUAGE_STANDARD = "gnu++0x";
				CLANG_CXX_LIBRARY = "libc++";
				CLANG_ENABLE_OBJC_ARC = YES;
				CLANG_WARN_CONSTANT_CONVERSION = YES;
				CLANG_WARN_EMPTY_BODY = YES;
				CLANG_WARN_ENUM_CONVERSION = YES;
				CLANG_WARN_INT_CONVERSION = YES;
				CLANG_WARN__DUPLICATE_METHOD_MATCH = YES;
				"CODE_SIGN_IDENTITY[sdk=iphoneos*]" = "iPhone Developer";
				COPY_PHASE_STRIP = YES;
				GCC_C_LANGUAGE_STANDARD = gnu99;
				GCC_WARN_ABOUT_RETURN_TYPE = YES;
				GCC_WARN_UNINITIALIZED_AUTOS = YES;
				GCC_WARN_UNUSED_VARIABLE = YES;
				IPHONEOS_DEPLOYMENT_TARGET = 6.1;
				OTHER_CFLAGS = "-DNS_BLOCK_ASSERTIONS=1";
				SDKROOT = iphoneos;
				VALIDATE_PRODUCT = YES;
			};
			name = Release;
		};
		AD1A82F317C3383F00CB9BC4 /* Debug */ = {
			isa = XCBuildConfiguration;
			buildSettings = {
				GCC_PRECOMPILE_PREFIX_HEADER = YES;
				GCC_PREFIX_HEADER = "XSNavigationBarImageItemDemo/XSNavigationBarImageItemDemo-Prefix.pch";
				INFOPLIST_FILE = "XSNavigationBarImageItemDemo/XSNavigationBarImageItemDemo-Info.plist";
				PRODUCT_NAME = "$(TARGET_NAME)";
				WRAPPER_EXTENSION = app;
			};
			name = Debug;
		};
		AD1A82F417C3383F00CB9BC4 /* Release */ = {
			isa = XCBuildConfiguration;
			buildSettings = {
				GCC_PRECOMPILE_PREFIX_HEADER = YES;
				GCC_PREFIX_HEADER = "XSNavigationBarImageItemDemo/XSNavigationBarImageItemDemo-Prefix.pch";
				INFOPLIST_FILE = "XSNavigationBarImageItemDemo/XSNavigationBarImageItemDemo-Info.plist";
				PRODUCT_NAME = "$(TARGET_NAME)";
				WRAPPER_EXTENSION = app;
			};
			name = Release;
		};
/* End XCBuildConfiguration section */

/* Begin XCConfigurationList section */
		AD1A82CA17C3383F00CB9BC4 /* Build configuration list for PBXProject "XSNavigationBarImageItemDemo" */ = {
			isa = XCConfigurationList;
			buildConfigurations = (
				AD1A82F017C3383F00CB9BC4 /* Debug */,
				AD1A82F117C3383F00CB9BC4 /* Release */,
			);
			defaultConfigurationIsVisible = 0;
			defaultConfigurationName = Release;
		};
		AD1A82F217C3383F00CB9BC4 /* Build configuration list for PBXNativeTarget "XSNavigationBarImageItemDemo" */ = {
			isa = XCConfigurationList;
			buildConfigurations = (
				AD1A82F317C3383F00CB9BC4 /* Debug */,
				AD1A82F417C3383F00CB9BC4 /* Release */,
			);
			defaultConfigurationIsVisible = 0;
		};
/* End XCConfigurationList section */
	};
	rootObject = AD1A82C717C3383F00CB9BC4 /* Project object */;
}
